
Microsoft Visual Studio Solution File, Format Version 12.00
# Visual Studio 15
VisualStudioVersion = 15.0.27004.2002
MinimumVisualStudioVersion = 10.0.40219.1
Project("{FAE04EC0-301F-11D3-BF4B-00C04F79EFBC}") = "SMaP APP", "SMaP APP\SMaP APP.csproj", "{E4BAF50D-02C6-4F11-A183-535681D21C50}"
EndProject
Global
	GlobalSection(SolutionConfigurationPlatforms) = preSolution
		Debug|Any CPU = Debug|Any CPU
		Release|Any CPU = Release|Any CPU
	EndGlobalSection
	GlobalSection(ProjectConfigurationPlatforms) = postSolution
		{E4BAF50D-02C6-4F11-A183-535681D21C50}.Debug|Any CPU.ActiveCfg = Debug|Any CPU
		{E4BAF50D-02C6-4F11-A183-535681D21C50}.Debug|Any CPU.Build.0 = Debug|Any CPU
		{E4BAF50D-02C6-4F11-A183-535681D21C50}.Release|Any CPU.ActiveCfg = Release|Any CPU
		{E4BAF50D-02C6-4F11-A183-535681D21C50}.Release|Any CPU.Build.0 = Release|Any CPU
	EndGlobalSection
	GlobalSection(SolutionProperties) = preSolution
		HideSolutionNode = FALSE
	EndGlobalSection
	GlobalSection(ExtensibilityGlobals) = postSolution
		SolutionGuid = {9268FE7F-007A-4AEE-A3EF-0E9880DF942B}
	EndGlobalSection
EndGlobal
